PODS:
  - SDWebImage (5.8.4):
    - SDWebImage/Core (= 5.8.4)
  - SDWebImage/Core (5.8.4)
  - SideMenu (6.4.9)

DEPENDENCIES:
  - SDWebImage
  - SideMenu

SPEC REPOS:
  trunk:
    - SDWebImage
    - SideMenu

SPEC CHECKSUMS:
  SDWebImage: cf6922231e95550934da2ada0f20f2becf2ceba9
  SideMenu: 8ef57a3cfc024a2d3fc1c036c7fe98537baec9e0

PODFILE CHECKSUM: 89ec1e2c62e81617d06b85eefdfd1dbfcf110633

COCOAPODS: 1.9.1
